
Microsoft Visual Studio Solution File, Format Version 12.00
# Visual Studio 15
VisualStudioVersion = 15.0.25920.0
MinimumVisualStudioVersion = 10.0.40219.1
Project("{FAE04EC0-301F-11D3-BF4B-00C04F79EFBC}") = "Lab4Stat", "Lab4Stat\Lab4Stat.csproj", "{AC8F8809-5FD6-462B-B9C3-A6B9CBE3FE26}"
EndProject
Global
	GlobalSection(SolutionConfigurationPlatforms) = preSolution
		Debug|Any CPU = Debug|Any CPU
		Release|Any CPU = Release|Any CPU
	EndGlobalSection
	GlobalSection(ProjectConfigurationPlatforms) = postSolution
		{AC8F8809-5FD6-462B-B9C3-A6B9CBE3FE26}.Debug|Any CPU.ActiveCfg = Debug|Any CPU
		{AC8F8809-5FD6-462B-B9C3-A6B9CBE3FE26}.Debug|Any CPU.Build.0 = Debug|Any CPU
		{AC8F8809-5FD6-462B-B9C3-A6B9CBE3FE26}.Release|Any CPU.ActiveCfg = Release|Any CPU
		{AC8F8809-5FD6-462B-B9C3-A6B9CBE3FE26}.Release|Any CPU.Build.0 = Release|Any CPU
	EndGlobalSection
	GlobalSection(SolutionProperties) = preSolution
		HideSolutionNode = FALSE
	EndGlobalSection
EndGlobal
